
Microsoft Visual Studio Solution File, Format Version 12.00
# Visual Studio Version 16
VisualStudioVersion = 16.0.34031.81
MinimumVisualStudioVersion = 10.0.40219.1
Project("{C9674DCB-5085-4A16-B785-4C70DD1589BD}") = "IS_ETL_QP", "IS_ETL_QP.dtproj", "{209FC8A9-1339-47C4-8BC0-DF7F27C6C9CC}"
EndProject
Global
	GlobalSection(SolutionConfigurationPlatforms) = preSolution
		Development|Default = Development|Default
	EndGlobalSection
	GlobalSection(ProjectConfigurationPlatforms) = postSolution
		{209FC8A9-1339-47C4-8BC0-DF7F27C6C9CC}.Development|Default.ActiveCfg = Development
		{209FC8A9-1339-47C4-8BC0-DF7F27C6C9CC}.Development|Default.Build.0 = Development
	EndGlobalSection
	GlobalSection(SolutionProperties) = preSolution
		HideSolutionNode = FALSE
	EndGlobalSection
	GlobalSection(ExtensibilityGlobals) = postSolution
		SolutionGuid = {03531664-0C85-405E-85D9-814F32DD2446}
	EndGlobalSection
EndGlobal
